
Microsoft Visual Studio Solution File, Format Version 12.00
# Visual Studio Version 16
VisualStudioVersion = 16.0.31424.327
MinimumVisualStudioVersion = 10.0.40219.1
Project("{9A19103F-16F7-4668-BE54-9A1E7A4F7556}") = "Tiko_WebAPI", "Tiko_WebAPI\Tiko_WebAPI.csproj", "{D9E76EEC-F2D5-446C-B96A-548F359E59FE}"
EndProject
Project("{9A19103F-16F7-4668-BE54-9A1E7A4F7556}") = "Tiko_DataAccess", "Tiko_DataAccess\Tiko_DataAccess.csproj", "{56284A36-F158-4740-9A1F-991D725B138C}"
EndProject
Project("{9A19103F-16F7-4668-BE54-9A1E7A4F7556}") = "Tiko_Business", "Tiko_Business\Tiko_Business.csproj", "{463CB2C3-B755-49C5-B1E2-DA3D8C88BA27}"
EndProject
Project("{9A19103F-16F7-4668-BE54-9A1E7A4F7556}") = "Tiko_Entities", "Tiko_Entities\Tiko_Entities.csproj", "{6A0018CB-9D61-45BC-ADF9-28192EABEA5E}"
EndProject
Project("{2150E333-8FDC-42A3-9474-1A3956D46DE8}") = "Solution Items", "Solution Items", "{CB35691D-A131-469A-A21A-92E306C45B8B}"
	ProjectSection(SolutionItems) = preProject
		.github\workflows\dotnet.yml = .github\workflows\dotnet.yml
		README.MD = README.MD
		Tiko.NET.Assignment.pdf = Tiko.NET.Assignment.pdf
	EndProjectSection
EndProject
Global
	GlobalSection(SolutionConfigurationPlatforms) = preSolution
		Debug|Any CPU = Debug|Any CPU
		Release|Any CPU = Release|Any CPU
	EndGlobalSection
	GlobalSection(ProjectConfigurationPlatforms) = postSolution
		{D9E76EEC-F2D5-446C-B96A-548F359E59FE}.Debug|Any CPU.ActiveCfg = Debug|Any CPU
		{D9E76EEC-F2D5-446C-B96A-548F359E59FE}.Debug|Any CPU.Build.0 = Debug|Any CPU
		{D9E76EEC-F2D5-446C-B96A-548F359E59FE}.Release|Any CPU.ActiveCfg = Release|Any CPU
		{D9E76EEC-F2D5-446C-B96A-548F359E59FE}.Release|Any CPU.Build.0 = Release|Any CPU
		{56284A36-F158-4740-9A1F-991D725B138C}.Debug|Any CPU.ActiveCfg = Debug|Any CPU
		{56284A36-F158-4740-9A1F-991D725B138C}.Debug|Any CPU.Build.0 = Debug|Any CPU
		{56284A36-F158-4740-9A1F-991D725B138C}.Release|Any CPU.ActiveCfg = Release|Any CPU
		{56284A36-F158-4740-9A1F-991D725B138C}.Release|Any CPU.Build.0 = Release|Any CPU
		{463CB2C3-B755-49C5-B1E2-DA3D8C88BA27}.Debug|Any CPU.ActiveCfg = Debug|Any CPU
		{463CB2C3-B755-49C5-B1E2-DA3D8C88BA27}.Debug|Any CPU.Build.0 = Debug|Any CPU
		{463CB2C3-B755-49C5-B1E2-DA3D8C88BA27}.Release|Any CPU.ActiveCfg = Release|Any CPU
		{463CB2C3-B755-49C5-B1E2-DA3D8C88BA27}.Release|Any CPU.Build.0 = Release|Any CPU
		{6A0018CB-9D61-45BC-ADF9-28192EABEA5E}.Debug|Any CPU.ActiveCfg = Debug|Any CPU
		{6A0018CB-9D61-45BC-ADF9-28192EABEA5E}.Debug|Any CPU.Build.0 = Debug|Any CPU
		{6A0018CB-9D61-45BC-ADF9-28192EABEA5E}.Release|Any CPU.ActiveCfg = Release|Any CPU
		{6A0018CB-9D61-45BC-ADF9-28192EABEA5E}.Release|Any CPU.Build.0 = Release|Any CPU
	EndGlobalSection
	GlobalSection(SolutionProperties) = preSolution
		HideSolutionNode = FALSE
	EndGlobalSection
	GlobalSection(ExtensibilityGlobals) = postSolution
		SolutionGuid = {DE872B2F-351F-4863-B0E2-92BDA3853F7A}
	EndGlobalSection
EndGlobal
